# This file is generated by running "yarn install" inside your project.
# Manual changes might be lost - proceed with caution!

__metadata:
  version: 6

"@karrotmini/playground-api-worker@workspace:playground-dist-fetch-worker":
  version: 0.0.0-use.local
  resolution: "@karrotmini/playground-api-worker@workspace:playground-dist-fetch-worker"
  languageName: unknown
  linkType: soft

"@karrotmini/playground-cloudflare-adapter@workspace:playground-cloudflare-adapter":
  version: 0.0.0-use.local
  resolution: "@karrotmini/playground-cloudflare-adapter@workspace:playground-cloudflare-adapter"
  languageName: unknown
  linkType: soft

"@karrotmini/playground-core@workspace:playground-core":
  version: 0.0.0-use.local
  resolution: "@karrotmini/playground-core@workspace:playground-core"
  languageName: unknown
  linkType: soft

"@karrotmini/playground-remix-worker@workspace:playground-dist-remix-worker":
  version: 0.0.0-use.local
  resolution: "@karrotmini/playground-remix-worker@workspace:playground-dist-remix-worker"
  languageName: unknown
  linkType: soft

"project@workspace:.":
  version: 0.0.0-use.local
  resolution: "project@workspace:."
  languageName: unknown
  linkType: soft
